
Microsoft Visual Studio Solution File, Format Version 12.00
# Visual Studio 15
VisualStudioVersion = 15.0.26124.0
MinimumVisualStudioVersion = 15.0.26124.0
Project("{2150E333-8FDC-42A3-9474-1A3956D46DE8}") = "Common", "Common", "{ABE20494-5834-4759-B5E9-17F62C56EC4A}"
EndProject
Project("{2150E333-8FDC-42A3-9474-1A3956D46DE8}") = "Models", "Models", "{4735DD6B-AEEE-46EA-AECA-E69E40F3EB30}"
EndProject
Project("{FAE04EC0-301F-11D3-BF4B-00C04F79EFBC}") = "BaseModelProject", "Models\Common\BaseModelProject\BaseModelProject.csproj", "{DE9F95E1-F12B-4263-8DB7-2E8A8A74599A}"
EndProject
Project("{2150E333-8FDC-42A3-9474-1A3956D46DE8}") = "Services", "Services", "{3673D654-52A4-459B-AF85-BBA8FA2D91B1}"
EndProject
Project("{2150E333-8FDC-42A3-9474-1A3956D46DE8}") = "Common", "Common", "{C1C1174E-143B-4C97-8178-18DF417CEC30}"
EndProject
Project("{FAE04EC0-301F-11D3-BF4B-00C04F79EFBC}") = "DBServices", "Services\Common\DBServices\DBServices.csproj", "{E6427A9B-C097-46D7-8F85-CB96B376876D}"
EndProject
Project("{2150E333-8FDC-42A3-9474-1A3956D46DE8}") = "Api", "Api", "{0F963BCF-7E70-4E4C-AC1D-56AB40C16E07}"
EndProject
Project("{2150E333-8FDC-42A3-9474-1A3956D46DE8}") = "Common", "Common", "{7C6527FF-EC4E-437E-9728-AB6A837E4AE0}"
EndProject
Project("{FAE04EC0-301F-11D3-BF4B-00C04F79EFBC}") = "BaseApiProject", "Api\Common\BaseApiProject\BaseApiProject.csproj", "{436203D8-6100-4F82-9347-23407C0F8F2B}"
EndProject
Project("{FAE04EC0-301F-11D3-BF4B-00C04F79EFBC}") = "AccountServices", "Services\Common\AccountServices\AccountServices.csproj", "{06327315-97D3-4602-ABC8-280E0F04A9FF}"
EndProject
Project("{2150E333-8FDC-42A3-9474-1A3956D46DE8}") = "Constants", "Constants", "{C4D8E3E6-AAE4-463A-8ED4-EAE36167C9DD}"
EndProject
Project("{2150E333-8FDC-42A3-9474-1A3956D46DE8}") = "Common", "Common", "{5E240F49-B183-4B65-BDD0-49F641EEE092}"
EndProject
Project("{FAE04EC0-301F-11D3-BF4B-00C04F79EFBC}") = "BaseApiConstants", "Constants\Common\BaseApiConstants\BaseApiConstants.csproj", "{0C544EA3-B69A-4503-89BD-31EB719DBF4D}"
EndProject
Global
	GlobalSection(SolutionProperties) = preSolution
		HideSolutionNode = FALSE
	EndGlobalSection
	GlobalSection(SolutionConfigurationPlatforms) = preSolution
		Debug|Any CPU = Debug|Any CPU
		Debug|x64 = Debug|x64
		Debug|x86 = Debug|x86
		Release|Any CPU = Release|Any CPU
		Release|x64 = Release|x64
		Release|x86 = Release|x86
	EndGlobalSection
	GlobalSection(ProjectConfigurationPlatforms) = postSolution
		{DE9F95E1-F12B-4263-8DB7-2E8A8A74599A}.Debug|Any CPU.ActiveCfg = Debug|Any CPU
		{DE9F95E1-F12B-4263-8DB7-2E8A8A74599A}.Debug|Any CPU.Build.0 = Debug|Any CPU
		{DE9F95E1-F12B-4263-8DB7-2E8A8A74599A}.Debug|x64.ActiveCfg = Debug|Any CPU
		{DE9F95E1-F12B-4263-8DB7-2E8A8A74599A}.Debug|x64.Build.0 = Debug|Any CPU
		{DE9F95E1-F12B-4263-8DB7-2E8A8A74599A}.Debug|x86.ActiveCfg = Debug|Any CPU
		{DE9F95E1-F12B-4263-8DB7-2E8A8A74599A}.Debug|x86.Build.0 = Debug|Any CPU
		{DE9F95E1-F12B-4263-8DB7-2E8A8A74599A}.Release|Any CPU.ActiveCfg = Release|Any CPU
		{DE9F95E1-F12B-4263-8DB7-2E8A8A74599A}.Release|Any CPU.Build.0 = Release|Any CPU
		{DE9F95E1-F12B-4263-8DB7-2E8A8A74599A}.Release|x64.ActiveCfg = Release|Any CPU
		{DE9F95E1-F12B-4263-8DB7-2E8A8A74599A}.Release|x64.Build.0 = Release|Any CPU
		{DE9F95E1-F12B-4263-8DB7-2E8A8A74599A}.Release|x86.ActiveCfg = Release|Any CPU
		{DE9F95E1-F12B-4263-8DB7-2E8A8A74599A}.Release|x86.Build.0 = Release|Any CPU
		{E6427A9B-C097-46D7-8F85-CB96B376876D}.Debug|Any CPU.ActiveCfg = Debug|Any CPU
		{E6427A9B-C097-46D7-8F85-CB96B376876D}.Debug|Any CPU.Build.0 = Debug|Any CPU
		{E6427A9B-C097-46D7-8F85-CB96B376876D}.Debug|x64.ActiveCfg = Debug|Any CPU
		{E6427A9B-C097-46D7-8F85-CB96B376876D}.Debug|x64.Build.0 = Debug|Any CPU
		{E6427A9B-C097-46D7-8F85-CB96B376876D}.Debug|x86.ActiveCfg = Debug|Any CPU
		{E6427A9B-C097-46D7-8F85-CB96B376876D}.Debug|x86.Build.0 = Debug|Any CPU
		{E6427A9B-C097-46D7-8F85-CB96B376876D}.Release|Any CPU.ActiveCfg = Release|Any CPU
		{E6427A9B-C097-46D7-8F85-CB96B376876D}.Release|Any CPU.Build.0 = Release|Any CPU
		{E6427A9B-C097-46D7-8F85-CB96B376876D}.Release|x64.ActiveCfg = Release|Any CPU
		{E6427A9B-C097-46D7-8F85-CB96B376876D}.Release|x64.Build.0 = Release|Any CPU
		{E6427A9B-C097-46D7-8F85-CB96B376876D}.Release|x86.ActiveCfg = Release|Any CPU
		{E6427A9B-C097-46D7-8F85-CB96B376876D}.Release|x86.Build.0 = Release|Any CPU
		{436203D8-6100-4F82-9347-23407C0F8F2B}.Debug|Any CPU.ActiveCfg = Debug|Any CPU
		{436203D8-6100-4F82-9347-23407C0F8F2B}.Debug|Any CPU.Build.0 = Debug|Any CPU
		{436203D8-6100-4F82-9347-23407C0F8F2B}.Debug|x64.ActiveCfg = Debug|Any CPU
		{436203D8-6100-4F82-9347-23407C0F8F2B}.Debug|x64.Build.0 = Debug|Any CPU
		{436203D8-6100-4F82-9347-23407C0F8F2B}.Debug|x86.ActiveCfg = Debug|Any CPU
		{436203D8-6100-4F82-9347-23407C0F8F2B}.Debug|x86.Build.0 = Debug|Any CPU
		{436203D8-6100-4F82-9347-23407C0F8F2B}.Release|Any CPU.ActiveCfg = Release|Any CPU
		{436203D8-6100-4F82-9347-23407C0F8F2B}.Release|Any CPU.Build.0 = Release|Any CPU
		{436203D8-6100-4F82-9347-23407C0F8F2B}.Release|x64.ActiveCfg = Release|Any CPU
		{436203D8-6100-4F82-9347-23407C0F8F2B}.Release|x64.Build.0 = Release|Any CPU
		{436203D8-6100-4F82-9347-23407C0F8F2B}.Release|x86.ActiveCfg = Release|Any CPU
		{436203D8-6100-4F82-9347-23407C0F8F2B}.Release|x86.Build.0 = Release|Any CPU
		{06327315-97D3-4602-ABC8-280E0F04A9FF}.Debug|Any CPU.ActiveCfg = Debug|Any CPU
		{06327315-97D3-4602-ABC8-280E0F04A9FF}.Debug|Any CPU.Build.0 = Debug|Any CPU
		{06327315-97D3-4602-ABC8-280E0F04A9FF}.Debug|x64.ActiveCfg = Debug|Any CPU
		{06327315-97D3-4602-ABC8-280E0F04A9FF}.Debug|x64.Build.0 = Debug|Any CPU
		{06327315-97D3-4602-ABC8-280E0F04A9FF}.Debug|x86.ActiveCfg = Debug|Any CPU
		{06327315-97D3-4602-ABC8-280E0F04A9FF}.Debug|x86.Build.0 = Debug|Any CPU
		{06327315-97D3-4602-ABC8-280E0F04A9FF}.Release|Any CPU.ActiveCfg = Release|Any CPU
		{06327315-97D3-4602-ABC8-280E0F04A9FF}.Release|Any CPU.Build.0 = Release|Any CPU
		{06327315-97D3-4602-ABC8-280E0F04A9FF}.Release|x64.ActiveCfg = Release|Any CPU
		{06327315-97D3-4602-ABC8-280E0F04A9FF}.Release|x64.Build.0 = Release|Any CPU
		{06327315-97D3-4602-ABC8-280E0F04A9FF}.Release|x86.ActiveCfg = Release|Any CPU
		{06327315-97D3-4602-ABC8-280E0F04A9FF}.Release|x86.Build.0 = Release|Any CPU
		{0C544EA3-B69A-4503-89BD-31EB719DBF4D}.Debug|Any CPU.ActiveCfg = Debug|Any CPU
		{0C544EA3-B69A-4503-89BD-31EB719DBF4D}.Debug|Any CPU.Build.0 = Debug|Any CPU
		{0C544EA3-B69A-4503-89BD-31EB719DBF4D}.Debug|x64.ActiveCfg = Debug|Any CPU
		{0C544EA3-B69A-4503-89BD-31EB719DBF4D}.Debug|x64.Build.0 = Debug|Any CPU
		{0C544EA3-B69A-4503-89BD-31EB719DBF4D}.Debug|x86.ActiveCfg = Debug|Any CPU
		{0C544EA3-B69A-4503-89BD-31EB719DBF4D}.Debug|x86.Build.0 = Debug|Any CPU
		{0C544EA3-B69A-4503-89BD-31EB719DBF4D}.Release|Any CPU.ActiveCfg = Release|Any CPU
		{0C544EA3-B69A-4503-89BD-31EB719DBF4D}.Release|Any CPU.Build.0 = Release|Any CPU
		{0C544EA3-B69A-4503-89BD-31EB719DBF4D}.Release|x64.ActiveCfg = Release|Any CPU
		{0C544EA3-B69A-4503-89BD-31EB719DBF4D}.Release|x64.Build.0 = Release|Any CPU
		{0C544EA3-B69A-4503-89BD-31EB719DBF4D}.Release|x86.ActiveCfg = Release|Any CPU
		{0C544EA3-B69A-4503-89BD-31EB719DBF4D}.Release|x86.Build.0 = Release|Any CPU
	EndGlobalSection
	GlobalSection(NestedProjects) = preSolution
		{4735DD6B-AEEE-46EA-AECA-E69E40F3EB30} = {ABE20494-5834-4759-B5E9-17F62C56EC4A}
		{DE9F95E1-F12B-4263-8DB7-2E8A8A74599A} = {4735DD6B-AEEE-46EA-AECA-E69E40F3EB30}
		{C1C1174E-143B-4C97-8178-18DF417CEC30} = {3673D654-52A4-459B-AF85-BBA8FA2D91B1}
		{E6427A9B-C097-46D7-8F85-CB96B376876D} = {C1C1174E-143B-4C97-8178-18DF417CEC30}
		{7C6527FF-EC4E-437E-9728-AB6A837E4AE0} = {0F963BCF-7E70-4E4C-AC1D-56AB40C16E07}
		{436203D8-6100-4F82-9347-23407C0F8F2B} = {7C6527FF-EC4E-437E-9728-AB6A837E4AE0}
		{06327315-97D3-4602-ABC8-280E0F04A9FF} = {C1C1174E-143B-4C97-8178-18DF417CEC30}
		{5E240F49-B183-4B65-BDD0-49F641EEE092} = {C4D8E3E6-AAE4-463A-8ED4-EAE36167C9DD}
		{0C544EA3-B69A-4503-89BD-31EB719DBF4D} = {5E240F49-B183-4B65-BDD0-49F641EEE092}
	EndGlobalSection
EndGlobal
