
Microsoft Visual Studio Solution File, Format Version 12.00
# Visual Studio 15
VisualStudioVersion = 15.0.26124.0
MinimumVisualStudioVersion = 15.0.26124.0
Project("{2150E333-8FDC-42A3-9474-1A3956D46DE8}") = "Api", "Api", "{CE6E3EC9-AAFC-4D48-AA25-2F6C2E4F68D6}"
EndProject
Project("{FAE04EC0-301F-11D3-BF4B-00C04F79EFBC}") = "BaseApi", "Api\BaseApi\BaseApi.csproj", "{7257594E-B4EE-4574-B8A1-B84807905330}"
EndProject
Project("{2150E333-8FDC-42A3-9474-1A3956D46DE8}") = "Constants", "Constants", "{0584BCA2-8959-40A3-B359-9EC874F2BCB3}"
EndProject
Project("{FAE04EC0-301F-11D3-BF4B-00C04F79EFBC}") = "BaseApiConstants", "Constants\BaseApiConstants\BaseApiConstants.csproj", "{80D0A178-ED20-4834-85B7-A83849A235F2}"
EndProject
Project("{2150E333-8FDC-42A3-9474-1A3956D46DE8}") = "Models", "Models", "{5A98FE84-3BAA-44DD-AD54-598EEB1903DB}"
EndProject
Project("{FAE04EC0-301F-11D3-BF4B-00C04F79EFBC}") = "BaseApiModel", "Models\BaseApiModel\BaseApiModel.csproj", "{B2AE697D-0AB3-41B4-B11D-7B6C12E5EE06}"
EndProject
Project("{2150E333-8FDC-42A3-9474-1A3956D46DE8}") = "Services", "Services", "{DF33EC4A-B7F6-4E0A-8AB4-56B423FEE116}"
EndProject
Project("{FAE04EC0-301F-11D3-BF4B-00C04F79EFBC}") = "AccountServices", "Services\AccountServices\AccountServices.csproj", "{547D2328-05B6-4A25-94BD-46FD8736E9A3}"
EndProject
Project("{FAE04EC0-301F-11D3-BF4B-00C04F79EFBC}") = "AuthServices", "Services\AuthServices\AuthServices.csproj", "{C7D4C783-D32E-430F-98B4-21AB800F309B}"
EndProject
Project("{FAE04EC0-301F-11D3-BF4B-00C04F79EFBC}") = "DBServices", "Services\DBServices\DBServices.csproj", "{B09F4F18-22A7-49DD-BD1D-5ED2F1D278DC}"
EndProject
Project("{2150E333-8FDC-42A3-9474-1A3956D46DE8}") = "Storage", "Storage", "{318C4BC9-C659-4661-94C1-1E419FD63C26}"
EndProject
Project("{FAE04EC0-301F-11D3-BF4B-00C04F79EFBC}") = "MicrosoftSQL", "Storage\MicrosoftSQL\MicrosoftSQL.csproj", "{E8554973-F19B-44A7-B4C5-3AE4A330B50A}"
EndProject
Project("{FAE04EC0-301F-11D3-BF4B-00C04F79EFBC}") = "FileServices", "Services\FileServices\FileServices.csproj", "{449FAB8E-1EF6-4334-B37C-7EEC3D4EB66E}"
EndProject
Global
	GlobalSection(SolutionConfigurationPlatforms) = preSolution
		Debug|Any CPU = Debug|Any CPU
		Debug|x64 = Debug|x64
		Debug|x86 = Debug|x86
		Release|Any CPU = Release|Any CPU
		Release|x64 = Release|x64
		Release|x86 = Release|x86
	EndGlobalSection
	GlobalSection(SolutionProperties) = preSolution
		HideSolutionNode = FALSE
	EndGlobalSection
	GlobalSection(ProjectConfigurationPlatforms) = postSolution
		{7257594E-B4EE-4574-B8A1-B84807905330}.Debug|Any CPU.ActiveCfg = Debug|Any CPU
		{7257594E-B4EE-4574-B8A1-B84807905330}.Debug|Any CPU.Build.0 = Debug|Any CPU
		{7257594E-B4EE-4574-B8A1-B84807905330}.Debug|x64.ActiveCfg = Debug|Any CPU
		{7257594E-B4EE-4574-B8A1-B84807905330}.Debug|x64.Build.0 = Debug|Any CPU
		{7257594E-B4EE-4574-B8A1-B84807905330}.Debug|x86.ActiveCfg = Debug|Any CPU
		{7257594E-B4EE-4574-B8A1-B84807905330}.Debug|x86.Build.0 = Debug|Any CPU
		{7257594E-B4EE-4574-B8A1-B84807905330}.Release|Any CPU.ActiveCfg = Release|Any CPU
		{7257594E-B4EE-4574-B8A1-B84807905330}.Release|Any CPU.Build.0 = Release|Any CPU
		{7257594E-B4EE-4574-B8A1-B84807905330}.Release|x64.ActiveCfg = Release|Any CPU
		{7257594E-B4EE-4574-B8A1-B84807905330}.Release|x64.Build.0 = Release|Any CPU
		{7257594E-B4EE-4574-B8A1-B84807905330}.Release|x86.ActiveCfg = Release|Any CPU
		{7257594E-B4EE-4574-B8A1-B84807905330}.Release|x86.Build.0 = Release|Any CPU
		{80D0A178-ED20-4834-85B7-A83849A235F2}.Debug|Any CPU.ActiveCfg = Debug|Any CPU
		{80D0A178-ED20-4834-85B7-A83849A235F2}.Debug|Any CPU.Build.0 = Debug|Any CPU
		{80D0A178-ED20-4834-85B7-A83849A235F2}.Debug|x64.ActiveCfg = Debug|Any CPU
		{80D0A178-ED20-4834-85B7-A83849A235F2}.Debug|x64.Build.0 = Debug|Any CPU
		{80D0A178-ED20-4834-85B7-A83849A235F2}.Debug|x86.ActiveCfg = Debug|Any CPU
		{80D0A178-ED20-4834-85B7-A83849A235F2}.Debug|x86.Build.0 = Debug|Any CPU
		{80D0A178-ED20-4834-85B7-A83849A235F2}.Release|Any CPU.ActiveCfg = Release|Any CPU
		{80D0A178-ED20-4834-85B7-A83849A235F2}.Release|Any CPU.Build.0 = Release|Any CPU
		{80D0A178-ED20-4834-85B7-A83849A235F2}.Release|x64.ActiveCfg = Release|Any CPU
		{80D0A178-ED20-4834-85B7-A83849A235F2}.Release|x64.Build.0 = Release|Any CPU
		{80D0A178-ED20-4834-85B7-A83849A235F2}.Release|x86.ActiveCfg = Release|Any CPU
		{80D0A178-ED20-4834-85B7-A83849A235F2}.Release|x86.Build.0 = Release|Any CPU
		{B2AE697D-0AB3-41B4-B11D-7B6C12E5EE06}.Debug|Any CPU.ActiveCfg = Debug|Any CPU
		{B2AE697D-0AB3-41B4-B11D-7B6C12E5EE06}.Debug|Any CPU.Build.0 = Debug|Any CPU
		{B2AE697D-0AB3-41B4-B11D-7B6C12E5EE06}.Debug|x64.ActiveCfg = Debug|Any CPU
		{B2AE697D-0AB3-41B4-B11D-7B6C12E5EE06}.Debug|x64.Build.0 = Debug|Any CPU
		{B2AE697D-0AB3-41B4-B11D-7B6C12E5EE06}.Debug|x86.ActiveCfg = Debug|Any CPU
		{B2AE697D-0AB3-41B4-B11D-7B6C12E5EE06}.Debug|x86.Build.0 = Debug|Any CPU
		{B2AE697D-0AB3-41B4-B11D-7B6C12E5EE06}.Release|Any CPU.ActiveCfg = Release|Any CPU
		{B2AE697D-0AB3-41B4-B11D-7B6C12E5EE06}.Release|Any CPU.Build.0 = Release|Any CPU
		{B2AE697D-0AB3-41B4-B11D-7B6C12E5EE06}.Release|x64.ActiveCfg = Release|Any CPU
		{B2AE697D-0AB3-41B4-B11D-7B6C12E5EE06}.Release|x64.Build.0 = Release|Any CPU
		{B2AE697D-0AB3-41B4-B11D-7B6C12E5EE06}.Release|x86.ActiveCfg = Release|Any CPU
		{B2AE697D-0AB3-41B4-B11D-7B6C12E5EE06}.Release|x86.Build.0 = Release|Any CPU
		{547D2328-05B6-4A25-94BD-46FD8736E9A3}.Debug|Any CPU.ActiveCfg = Debug|Any CPU
		{547D2328-05B6-4A25-94BD-46FD8736E9A3}.Debug|Any CPU.Build.0 = Debug|Any CPU
		{547D2328-05B6-4A25-94BD-46FD8736E9A3}.Debug|x64.ActiveCfg = Debug|Any CPU
		{547D2328-05B6-4A25-94BD-46FD8736E9A3}.Debug|x64.Build.0 = Debug|Any CPU
		{547D2328-05B6-4A25-94BD-46FD8736E9A3}.Debug|x86.ActiveCfg = Debug|Any CPU
		{547D2328-05B6-4A25-94BD-46FD8736E9A3}.Debug|x86.Build.0 = Debug|Any CPU
		{547D2328-05B6-4A25-94BD-46FD8736E9A3}.Release|Any CPU.ActiveCfg = Release|Any CPU
		{547D2328-05B6-4A25-94BD-46FD8736E9A3}.Release|Any CPU.Build.0 = Release|Any CPU
		{547D2328-05B6-4A25-94BD-46FD8736E9A3}.Release|x64.ActiveCfg = Release|Any CPU
		{547D2328-05B6-4A25-94BD-46FD8736E9A3}.Release|x64.Build.0 = Release|Any CPU
		{547D2328-05B6-4A25-94BD-46FD8736E9A3}.Release|x86.ActiveCfg = Release|Any CPU
		{547D2328-05B6-4A25-94BD-46FD8736E9A3}.Release|x86.Build.0 = Release|Any CPU
		{C7D4C783-D32E-430F-98B4-21AB800F309B}.Debug|Any CPU.ActiveCfg = Debug|Any CPU
		{C7D4C783-D32E-430F-98B4-21AB800F309B}.Debug|Any CPU.Build.0 = Debug|Any CPU
		{C7D4C783-D32E-430F-98B4-21AB800F309B}.Debug|x64.ActiveCfg = Debug|Any CPU
		{C7D4C783-D32E-430F-98B4-21AB800F309B}.Debug|x64.Build.0 = Debug|Any CPU
		{C7D4C783-D32E-430F-98B4-21AB800F309B}.Debug|x86.ActiveCfg = Debug|Any CPU
		{C7D4C783-D32E-430F-98B4-21AB800F309B}.Debug|x86.Build.0 = Debug|Any CPU
		{C7D4C783-D32E-430F-98B4-21AB800F309B}.Release|Any CPU.ActiveCfg = Release|Any CPU
		{C7D4C783-D32E-430F-98B4-21AB800F309B}.Release|Any CPU.Build.0 = Release|Any CPU
		{C7D4C783-D32E-430F-98B4-21AB800F309B}.Release|x64.ActiveCfg = Release|Any CPU
		{C7D4C783-D32E-430F-98B4-21AB800F309B}.Release|x64.Build.0 = Release|Any CPU
		{C7D4C783-D32E-430F-98B4-21AB800F309B}.Release|x86.ActiveCfg = Release|Any CPU
		{C7D4C783-D32E-430F-98B4-21AB800F309B}.Release|x86.Build.0 = Release|Any CPU
		{B09F4F18-22A7-49DD-BD1D-5ED2F1D278DC}.Debug|Any CPU.ActiveCfg = Debug|Any CPU
		{B09F4F18-22A7-49DD-BD1D-5ED2F1D278DC}.Debug|Any CPU.Build.0 = Debug|Any CPU
		{B09F4F18-22A7-49DD-BD1D-5ED2F1D278DC}.Debug|x64.ActiveCfg = Debug|Any CPU
		{B09F4F18-22A7-49DD-BD1D-5ED2F1D278DC}.Debug|x64.Build.0 = Debug|Any CPU
		{B09F4F18-22A7-49DD-BD1D-5ED2F1D278DC}.Debug|x86.ActiveCfg = Debug|Any CPU
		{B09F4F18-22A7-49DD-BD1D-5ED2F1D278DC}.Debug|x86.Build.0 = Debug|Any CPU
		{B09F4F18-22A7-49DD-BD1D-5ED2F1D278DC}.Release|Any CPU.ActiveCfg = Release|Any CPU
		{B09F4F18-22A7-49DD-BD1D-5ED2F1D278DC}.Release|Any CPU.Build.0 = Release|Any CPU
		{B09F4F18-22A7-49DD-BD1D-5ED2F1D278DC}.Release|x64.ActiveCfg = Release|Any CPU
		{B09F4F18-22A7-49DD-BD1D-5ED2F1D278DC}.Release|x64.Build.0 = Release|Any CPU
		{B09F4F18-22A7-49DD-BD1D-5ED2F1D278DC}.Release|x86.ActiveCfg = Release|Any CPU
		{B09F4F18-22A7-49DD-BD1D-5ED2F1D278DC}.Release|x86.Build.0 = Release|Any CPU
		{E8554973-F19B-44A7-B4C5-3AE4A330B50A}.Debug|Any CPU.ActiveCfg = Debug|Any CPU
		{E8554973-F19B-44A7-B4C5-3AE4A330B50A}.Debug|Any CPU.Build.0 = Debug|Any CPU
		{E8554973-F19B-44A7-B4C5-3AE4A330B50A}.Debug|x64.ActiveCfg = Debug|Any CPU
		{E8554973-F19B-44A7-B4C5-3AE4A330B50A}.Debug|x64.Build.0 = Debug|Any CPU
		{E8554973-F19B-44A7-B4C5-3AE4A330B50A}.Debug|x86.ActiveCfg = Debug|Any CPU
		{E8554973-F19B-44A7-B4C5-3AE4A330B50A}.Debug|x86.Build.0 = Debug|Any CPU
		{E8554973-F19B-44A7-B4C5-3AE4A330B50A}.Release|Any CPU.ActiveCfg = Release|Any CPU
		{E8554973-F19B-44A7-B4C5-3AE4A330B50A}.Release|Any CPU.Build.0 = Release|Any CPU
		{E8554973-F19B-44A7-B4C5-3AE4A330B50A}.Release|x64.ActiveCfg = Release|Any CPU
		{E8554973-F19B-44A7-B4C5-3AE4A330B50A}.Release|x64.Build.0 = Release|Any CPU
		{E8554973-F19B-44A7-B4C5-3AE4A330B50A}.Release|x86.ActiveCfg = Release|Any CPU
		{E8554973-F19B-44A7-B4C5-3AE4A330B50A}.Release|x86.Build.0 = Release|Any CPU
		{449FAB8E-1EF6-4334-B37C-7EEC3D4EB66E}.Debug|Any CPU.ActiveCfg = Debug|Any CPU
		{449FAB8E-1EF6-4334-B37C-7EEC3D4EB66E}.Debug|Any CPU.Build.0 = Debug|Any CPU
		{449FAB8E-1EF6-4334-B37C-7EEC3D4EB66E}.Debug|x64.ActiveCfg = Debug|Any CPU
		{449FAB8E-1EF6-4334-B37C-7EEC3D4EB66E}.Debug|x64.Build.0 = Debug|Any CPU
		{449FAB8E-1EF6-4334-B37C-7EEC3D4EB66E}.Debug|x86.ActiveCfg = Debug|Any CPU
		{449FAB8E-1EF6-4334-B37C-7EEC3D4EB66E}.Debug|x86.Build.0 = Debug|Any CPU
		{449FAB8E-1EF6-4334-B37C-7EEC3D4EB66E}.Release|Any CPU.ActiveCfg = Release|Any CPU
		{449FAB8E-1EF6-4334-B37C-7EEC3D4EB66E}.Release|Any CPU.Build.0 = Release|Any CPU
		{449FAB8E-1EF6-4334-B37C-7EEC3D4EB66E}.Release|x64.ActiveCfg = Release|Any CPU
		{449FAB8E-1EF6-4334-B37C-7EEC3D4EB66E}.Release|x64.Build.0 = Release|Any CPU
		{449FAB8E-1EF6-4334-B37C-7EEC3D4EB66E}.Release|x86.ActiveCfg = Release|Any CPU
		{449FAB8E-1EF6-4334-B37C-7EEC3D4EB66E}.Release|x86.Build.0 = Release|Any CPU
	EndGlobalSection
	GlobalSection(NestedProjects) = preSolution
		{7257594E-B4EE-4574-B8A1-B84807905330} = {CE6E3EC9-AAFC-4D48-AA25-2F6C2E4F68D6}
		{80D0A178-ED20-4834-85B7-A83849A235F2} = {0584BCA2-8959-40A3-B359-9EC874F2BCB3}
		{B2AE697D-0AB3-41B4-B11D-7B6C12E5EE06} = {5A98FE84-3BAA-44DD-AD54-598EEB1903DB}
		{547D2328-05B6-4A25-94BD-46FD8736E9A3} = {DF33EC4A-B7F6-4E0A-8AB4-56B423FEE116}
		{C7D4C783-D32E-430F-98B4-21AB800F309B} = {DF33EC4A-B7F6-4E0A-8AB4-56B423FEE116}
		{B09F4F18-22A7-49DD-BD1D-5ED2F1D278DC} = {DF33EC4A-B7F6-4E0A-8AB4-56B423FEE116}
		{E8554973-F19B-44A7-B4C5-3AE4A330B50A} = {318C4BC9-C659-4661-94C1-1E419FD63C26}
		{449FAB8E-1EF6-4334-B37C-7EEC3D4EB66E} = {DF33EC4A-B7F6-4E0A-8AB4-56B423FEE116}
	EndGlobalSection
EndGlobal
